
Microsoft Visual Studio Solution File, Format Version 12.00
# Visual Studio Version 17
VisualStudioVersion = 17.11.35327.3
MinimumVisualStudioVersion = 10.0.40219.1
Project("{9A19103F-16F7-4668-BE54-9A1E7A4F7556}") = "AuthForm.Dto", "AuthForm.Dto\AuthForm.Dto.csproj", "{B12239E3-7965-40C4-856B-32FE7DCABF1B}"
EndProject
Project("{9A19103F-16F7-4668-BE54-9A1E7A4F7556}") = "AuthForm.Infrastucture", "AuthForm.Infrastucture\AuthForm.Infrastucture.csproj", "{F96F8407-325E-475B-87F3-228D09143D0B}"
EndProject
Project("{9A19103F-16F7-4668-BE54-9A1E7A4F7556}") = "AuthForm.Application", "AuthForm.Application\AuthForm.Application.csproj", "{C21CF07F-7A79-4601-A0A6-AAC8B05E3F71}"
EndProject
Project("{FAE04EC0-301F-11D3-BF4B-00C04F79EFBC}") = "AuthForm.UI", "AuthForm.UI\AuthForm.UI.csproj", "{C04A24FA-9098-45E8-8967-BB221386F0A7}"
EndProject
Global
	GlobalSection(SolutionConfigurationPlatforms) = preSolution
		Debug|Any CPU = Debug|Any CPU
		Release|Any CPU = Release|Any CPU
	EndGlobalSection
	GlobalSection(ProjectConfigurationPlatforms) = postSolution
		{B12239E3-7965-40C4-856B-32FE7DCABF1B}.Debug|Any CPU.ActiveCfg = Debug|Any CPU
		{B12239E3-7965-40C4-856B-32FE7DCABF1B}.Debug|Any CPU.Build.0 = Debug|Any CPU
		{B12239E3-7965-40C4-856B-32FE7DCABF1B}.Release|Any CPU.ActiveCfg = Release|Any CPU
		{B12239E3-7965-40C4-856B-32FE7DCABF1B}.Release|Any CPU.Build.0 = Release|Any CPU
		{F96F8407-325E-475B-87F3-228D09143D0B}.Debug|Any CPU.ActiveCfg = Debug|Any CPU
		{F96F8407-325E-475B-87F3-228D09143D0B}.Debug|Any CPU.Build.0 = Debug|Any CPU
		{F96F8407-325E-475B-87F3-228D09143D0B}.Release|Any CPU.ActiveCfg = Release|Any CPU
		{F96F8407-325E-475B-87F3-228D09143D0B}.Release|Any CPU.Build.0 = Release|Any CPU
		{C21CF07F-7A79-4601-A0A6-AAC8B05E3F71}.Debug|Any CPU.ActiveCfg = Debug|Any CPU
		{C21CF07F-7A79-4601-A0A6-AAC8B05E3F71}.Debug|Any CPU.Build.0 = Debug|Any CPU
		{C21CF07F-7A79-4601-A0A6-AAC8B05E3F71}.Release|Any CPU.ActiveCfg = Release|Any CPU
		{C21CF07F-7A79-4601-A0A6-AAC8B05E3F71}.Release|Any CPU.Build.0 = Release|Any CPU
		{C04A24FA-9098-45E8-8967-BB221386F0A7}.Debug|Any CPU.ActiveCfg = Debug|Any CPU
		{C04A24FA-9098-45E8-8967-BB221386F0A7}.Debug|Any CPU.Build.0 = Debug|Any CPU
		{C04A24FA-9098-45E8-8967-BB221386F0A7}.Release|Any CPU.ActiveCfg = Release|Any CPU
		{C04A24FA-9098-45E8-8967-BB221386F0A7}.Release|Any CPU.Build.0 = Release|Any CPU
	EndGlobalSection
	GlobalSection(SolutionProperties) = preSolution
		HideSolutionNode = FALSE
	EndGlobalSection
	GlobalSection(ExtensibilityGlobals) = postSolution
		SolutionGuid = {4B1C3B57-7F07-4D34-8779-EBEBD520615E}
	EndGlobalSection
EndGlobal
